
Microsoft Visual Studio Solution File, Format Version 12.00
# Visual Studio 15
VisualStudioVersion = 15.0.28307.1000
MinimumVisualStudioVersion = 10.0.40219.1
Project("{FAE04EC0-301F-11D3-BF4B-00C04F79EFBC}") = "Lab_5_Enc", "Lab_5\Lab_5_Enc.csproj", "{D7DD4EC5-8F8C-42CF-BE7C-C6676CB5E1CB}"
EndProject
Project("{FAE04EC0-301F-11D3-BF4B-00C04F79EFBC}") = "Lab_5_Dec", "Lab_5_Dec\Lab_5_Dec.csproj", "{25518E6F-8A4B-4E80-8AAB-7C8FA8538127}"
EndProject
Global
	GlobalSection(SolutionConfigurationPlatforms) = preSolution
		Debug|Any CPU = Debug|Any CPU
		Release|Any CPU = Release|Any CPU
	EndGlobalSection
	GlobalSection(ProjectConfigurationPlatforms) = postSolution
		{D7DD4EC5-8F8C-42CF-BE7C-C6676CB5E1CB}.Debug|Any CPU.ActiveCfg = Debug|Any CPU
		{D7DD4EC5-8F8C-42CF-BE7C-C6676CB5E1CB}.Debug|Any CPU.Build.0 = Debug|Any CPU
		{D7DD4EC5-8F8C-42CF-BE7C-C6676CB5E1CB}.Release|Any CPU.ActiveCfg = Release|Any CPU
		{D7DD4EC5-8F8C-42CF-BE7C-C6676CB5E1CB}.Release|Any CPU.Build.0 = Release|Any CPU
		{25518E6F-8A4B-4E80-8AAB-7C8FA8538127}.Debug|Any CPU.ActiveCfg = Debug|Any CPU
		{25518E6F-8A4B-4E80-8AAB-7C8FA8538127}.Debug|Any CPU.Build.0 = Debug|Any CPU
		{25518E6F-8A4B-4E80-8AAB-7C8FA8538127}.Release|Any CPU.ActiveCfg = Release|Any CPU
		{25518E6F-8A4B-4E80-8AAB-7C8FA8538127}.Release|Any CPU.Build.0 = Release|Any CPU
	EndGlobalSection
	GlobalSection(SolutionProperties) = preSolution
		HideSolutionNode = FALSE
	EndGlobalSection
	GlobalSection(ExtensibilityGlobals) = postSolution
		SolutionGuid = {EE0290C1-0949-4F4E-8B72-3A6867969C3A}
	EndGlobalSection
EndGlobal
